
Microsoft Visual Studio Solution File, Format Version 12.00
# Visual Studio Version 17
VisualStudioVersion = 17.11.35327.3
MinimumVisualStudioVersion = 10.0.40219.1
Project("{FAE04EC0-301F-11D3-BF4B-00C04F79EFBC}") = "AutoTransportationServer", "AutoTransportationServer\AutoTransportationServer.csproj", "{196A01FC-9F06-48C0-952F-12E20BE12245}"
EndProject
Global
	GlobalSection(SolutionConfigurationPlatforms) = preSolution
		Debug|Any CPU = Debug|Any CPU
		Release|Any CPU = Release|Any CPU
	EndGlobalSection
	GlobalSection(ProjectConfigurationPlatforms) = postSolution
		{196A01FC-9F06-48C0-952F-12E20BE12245}.Debug|Any CPU.ActiveCfg = Debug|Any CPU
		{196A01FC-9F06-48C0-952F-12E20BE12245}.Debug|Any CPU.Build.0 = Debug|Any CPU
		{196A01FC-9F06-48C0-952F-12E20BE12245}.Release|Any CPU.ActiveCfg = Release|Any CPU
		{196A01FC-9F06-48C0-952F-12E20BE12245}.Release|Any CPU.Build.0 = Release|Any CPU
	EndGlobalSection
	GlobalSection(SolutionProperties) = preSolution
		HideSolutionNode = FALSE
	EndGlobalSection
	GlobalSection(ExtensibilityGlobals) = postSolution
		SolutionGuid = {16CB798B-2B30-4703-8F7A-1427C3889913}
	EndGlobalSection
EndGlobal
